
Microsoft Visual Studio Solution File, Format Version 12.00
# Visual Studio Version 17
VisualStudioVersion = 17.7.34031.279
MinimumVisualStudioVersion = 10.0.40219.1
Project("{FAE04EC0-301F-11D3-BF4B-00C04F79EFBC}") = "MVC_Practica01NETCore", "MVC_Practica01NETCore\MVC_Practica01NETCore.csproj", "{852EFEB3-D7AF-46ED-8E2C-21A892FD777E}"
EndProject
Global
	GlobalSection(SolutionConfigurationPlatforms) = preSolution
		Debug|Any CPU = Debug|Any CPU
		Release|Any CPU = Release|Any CPU
	EndGlobalSection
	GlobalSection(ProjectConfigurationPlatforms) = postSolution
		{852EFEB3-D7AF-46ED-8E2C-21A892FD777E}.Debug|Any CPU.ActiveCfg = Debug|Any CPU
		{852EFEB3-D7AF-46ED-8E2C-21A892FD777E}.Debug|Any CPU.Build.0 = Debug|Any CPU
		{852EFEB3-D7AF-46ED-8E2C-21A892FD777E}.Release|Any CPU.ActiveCfg = Release|Any CPU
		{852EFEB3-D7AF-46ED-8E2C-21A892FD777E}.Release|Any CPU.Build.0 = Release|Any CPU
	EndGlobalSection
	GlobalSection(SolutionProperties) = preSolution
		HideSolutionNode = FALSE
	EndGlobalSection
	GlobalSection(ExtensibilityGlobals) = postSolution
		SolutionGuid = {2A653AC3-55FD-45D0-B1B5-5545211EAEA9}
	EndGlobalSection
EndGlobal
